// !$*UTF8*$!
{
	archiveVersion = 1;
	classes = {
	};
	objectVersion = 46;
	objects = {

/* Begin PBXBuildFile section */
		154FB7D41DE5850D00F823BA /* AppDelegate.swift in Sources */ = {isa = PBXBuildFile; fileRef = 154FB7D31DE5850D00F823BA /* AppDelegate.swift */; };
		154FB7D61DE5850D00F823BA /* ViewController.swift in Sources */ = {isa = PBXBuildFile; fileRef = 154FB7D51DE5850D00F823BA /* ViewController.swift */; };
		154FB7D91DE5850D00F823BA /* Main.storyboard in Resources */ = {isa = PBXBuildFile; fileRef = 154FB7D71DE5850D00F823BA /* Main.storyboard */; };
		154FB7DB1DE5850D00F823BA /* Assets.xcassets in Resources */ = {isa = PBXBuildFile; fileRef = 154FB7DA1DE5850D00F823BA /* Assets.xcassets */; };
		154FB7DE1DE5850D00F823BA /* LaunchScreen.storyboard in Resources */ = {isa = PBXBuildFile; fileRef = 154FB7DC1DE5850D00F823BA /* LaunchScreen.storyboard */; };
/* End PBXBuildFile section */

/* Begin PBXFileReference section */
		154FB7D01DE5850D00F823BA /* SplashView.app */ = {isa = PBXFileReference; explicitFileType = wrapper.application; includeInIndex = 0; path = SplashView.app; sourceTree = BUILT_PRODUCTS_DIR; };
		154FB7D31DE5850D00F823BA /* AppDelegate.swift */ = {isa = PBXFileReference; lastKnownFileType = sourcecode.swift; path = AppDelegate.swift; sourceTree = "<group>"; };
		154FB7D51DE5850D00F823BA /* ViewController.swift */ = {isa = PBXFileReference; lastKnownFileType = sourcecode.swift; path = ViewController.swift; sourceTree = "<group>"; };
		154FB7D81DE5850D00F823BA /* Base */ = {isa = PBXFileReference; lastKnownFileType = file.storyboard; name = Base; path = Base.lproj/Main.storyboard; sourceTree = "<group>"; };
		154FB7DA1DE5850D00F823BA /* Assets.xcassets */ = {isa = PBXFileReference; lastKnownFileType = folder.assetcatalog; path = Assets.xcassets; sourceTree = "<group>"; };
		154FB7DD1DE5850D00F823BA /* Base */ = {isa = PBXFileReference; lastKnownFileType = file.storyboard; name = Base; path = Base.lproj/LaunchScreen.storyboard; sourceTree = "<group>"; };
		154FB7DF1DE5850D00F823BA /* Info.plist */ = {isa = PBXFileReference; lastKnownFileType = text.plist.xml; path = Info.plist; sourceTree = "<group>"; };
/* End PBXFileReference section */

/* Begin PBXFrameworksBuildPhase section */
		154FB7CD1DE5850D00F823BA /* Frameworks */ = {
			isa = PBXFrameworksBuildPhase;
			buildActionMask = 2147483647;
			files = (
			);
			runOnlyForDeploymentPostprocessing = 0;
		};
/* End PBXFrameworksBuildPhase section */

/* Begin PBXGroup section */
		154FB7C71DE5850D00F823BA = {
			isa = PBXGroup;
			children = (
				154FB7D21DE5850D00F823BA /* SplashView */,
				154FB7D11DE5850D00F823BA /* Products */,
			);
			sourceTree = "<group>";
		};
		154FB7D11DE5850D00F823BA /* Products */ = {
			isa = PBXGroup;
			children = (
				154FB7D01DE5850D00F823BA /* SplashView.app */,
			);
			name = Products;
			sourceTree = "<group>";
		};
		154FB7D21DE5850D00F823BA /* SplashView */ = {
			isa = PBXGroup;
			children = (
				154FB7D31DE5850D00F823BA /* AppDelegate.swift */,
				154FB7D51DE5850D00F823BA /* ViewController.swift */,
				154FB7D71DE5850D00F823BA /* Main.storyboard */,
				154FB7DA1DE5850D00F823BA /* Assets.xcassets */,
				154FB7DC1DE5850D00F823BA /* LaunchScreen.storyboard */,
				154FB7DF1DE5850D00F823BA /* Info.plist */,
			);
			path = SplashView;
			sourceTree = "<group>";
		};
/* End PBXGroup section */

/* Begin PBXNativeTarget section */
		154FB7CF1DE5850D00F823BA /* SplashView */ = {
			isa = PBXNativeTarget;
			buildConfigurationList = 154FB7E21DE5850D00F823BA /* Build configuration list for PBXNativeTarget "SplashView" */;
			buildPhases = (
				154FB7CC1DE5850D00F823BA /* Sources */,
				154FB7CD1DE5850D00F823BA /* Frameworks */,
				154FB7CE1DE5850D00F823BA /* Resources */,
			);
			buildRules = (
			);
			dependencies = (
			);
			name = SplashView;
			productName = SplashView;
			productReference = 154FB7D01DE5850D00F823BA /* SplashView.app */;
			productType = "com.apple.product-type.application";
		};
/* End PBXNativeTarget section */

/* Begin PBXProject section */
		154FB7C81DE5850D00F823BA /* Project object */ = {
			isa = PBXProject;
			attributes = {
				LastSwiftUpdateCheck = 0800;
				LastUpgradeCheck = 0800;
				ORGANIZATIONNAME = cx;
				TargetAttributes = {
					154FB7CF1DE5850D00F823BA = {
						CreatedOnToolsVersion = 8.0;
						DevelopmentTeam = M6BZ7CAAX7;
						ProvisioningStyle = Automatic;
					};
				};
			};
			buildConfigurationList = 154FB7CB1DE5850D00F823BA /* Build configuration list for PBXProject "SplashView" */;
			compatibilityVersion = "Xcode 3.2";
			developmentRegion = English;
			hasScannedForEncodings = 0;
			knownRegions = (
				en,
				Base,
			);
			mainGroup = 154FB7C71DE5850D00F823BA;
			productRefGroup = 154FB7D11DE5850D00F823BA /* Products */;
			projectDirPath = "";
			projectRoot = "";
			targets = (
				154FB7CF1DE5850D00F823BA /* SplashView */,
			);
		};
/* End PBXProject section */

/* Begin PBXResourcesBuildPhase section */
		154FB7CE1DE5850D00F823BA /* Resources */ = {
			isa = PBXResourcesBuildPhase;
			buildActionMask = 2147483647;
			files = (
				154FB7DE1DE5850D00F823BA /* LaunchScreen.storyboard in Resources */,
				154FB7DB1DE5850D00F823BA /* Assets.xcassets in Resources */,
				154FB7D91DE5850D00F823BA /* Main.storyboard in Resources */,
			);
			runOnlyForDeploymentPostprocessing = 0;
		};
/* End PBXResourcesBuildPhase section */

/* Begin PBXSourcesBuildPhase section */
		154FB7CC1DE5850D00F823BA /* Sources */ = {
			isa = PBXSourcesBuildPhase;
			buildActionMask = 2147483647;
			files = (
				154FB7D61DE5850D00F823BA /* ViewController.swift in Sources */,
				154FB7D41DE5850D00F823BA /* AppDelegate.swift in Sources */,
			);
			runOnlyForDeploymentPostprocessing = 0;
		};
/* End PBXSourcesBuildPhase section */

/* Begin PBXVariantGroup section */
		154FB7D71DE5850D00F823BA /* Main.storyboard */ = {
			isa = PBXVariantGroup;
			children = (
				154FB7D81DE5850D00F823BA /* Base */,
			);
			name = Main.storyboard;
			sourceTree = "<group>";
		};
		154FB7DC1DE5850D00F823BA /* LaunchScreen.storyboard */ = {
			isa = PBXVariantGroup;
			children = (
				154FB7DD1DE5850D00F823BA /* Base */,
			);
			name = LaunchScreen.storyboard;
			sourceTree = "<group>";
		};
/* End PBXVariantGroup section */

/* Begin XCBuildConfiguration section */
		154FB7E01DE5850D00F823BA /* Debug */ = {
			isa = XCBuildConfiguration;
			buildSettings = {
				ALWAYS_SEARCH_USER_PATHS = NO;
				CLANG_ANALYZER_NONNULL = YES;
				CLANG_CXX_LANGUAGE_STANDARD = "gnu++0x";
				CLANG_CXX_LIBRARY = "libc++";
				CLANG_ENABLE_MODULES = YES;
				CLANG_ENABLE_OBJC_ARC = YES;
				CLANG_WARN_BOOL_CONVERSION = YES;
				CLANG_WARN_CONSTANT_CONVERSION = YES;
				CLANG_WARN_DIRECT_OBJC_ISA_USAGE = YES_ERROR;
				CLANG_WARN_DOCUMENTATION_COMMENTS = YES;
				CLANG_WARN_EMPTY_BODY = YES;
				CLANG_WARN_ENUM_CONVERSION = YES;
				CLANG_WARN_INFINITE_RECURSION = YES;
				CLANG_WARN_INT_CONVERSION = YES;
				CLANG_WARN_OBJC_ROOT_CLASS = YES_ERROR;
				CLANG_WARN_SUSPICIOUS_MOVES = YES;
				CLANG_WARN_UNREACHABLE_CODE = YES;
				CLANG_WARN__DUPLICATE_METHOD_MATCH = YES;
				"CODE_SIGN_IDENTITY[sdk=iphoneos*]" = "iPhone Developer";
				COPY_PHASE_STRIP = NO;
				DEBUG_INFORMATION_FORMAT = dwarf;
				ENABLE_STRICT_OBJC_MSGSEND = YES;
				ENABLE_TESTABILITY = YES;
				GCC_C_LANGUAGE_STANDARD = gnu99;
				GCC_DYNAMIC_NO_PIC = NO;
				GCC_NO_COMMON_BLOCKS = YES;
				GCC_OPTIMIZATION_LEVEL = 0;
				GCC_PREPROCESSOR_DEFINITIONS = (
					"DEBUG=1",
					"$(inherited)",
				);
				GCC_WARN_64_TO_32_BIT_CONVERSION = YES;
				GCC_WARN_ABOUT_RETURN_TYPE = YES_ERROR;
				GCC_WARN_UNDECLARED_SELECTOR = YES;
				GCC_WARN_UNINITIALIZED_AUTOS = YES_AGGRESSIVE;
				GCC_WARN_UNUSED_FUNCTION = YES;
				GCC_WARN_UNUSED_VARIABLE = YES;
				IPHONEOS_DEPLOYMENT_TARGET = 10.0;
				MTL_ENABLE_DEBUG_INFO = YES;
				ONLY_ACTIVE_ARCH = YES;
				SDKROOT = iphoneos;
				SWIFT_ACTIVE_COMPILATION_CONDITIONS = DEBUG;
				SWIFT_OPTIMIZATION_LEVEL = "-Onone";
			};
			name = Debug;
		};
		154FB7E11DE5850D00F823BA /* Release */ = {
			isa = XCBuildConfiguration;
			buildSettings = {
				ALWAYS_SEARCH_USER_PATHS = NO;
				CLANG_ANALYZER_NONNULL = YES;
				CLANG_CXX_LANGUAGE_STANDARD = "gnu++0x";
				CLANG_CXX_LIBRARY = "libc++";
				CLANG_ENABLE_MODULES = YES;
				CLANG_ENABLE_OBJC_ARC = YES;
				CLANG_WARN_BOOL_CONVERSION = YES;
				CLANG_WARN_CONSTANT_CONVERSION = YES;
				CLANG_WARN_DIRECT_OBJC_ISA_USAGE = YES_ERROR;
				CLANG_WARN_DOCUMENTATION_COMMENTS = YES;
				CLANG_WARN_EMPTY_BODY = YES;
				CLANG_WARN_ENUM_CONVERSION = YES;
				CLANG_WARN_INFINITE_RECURSION = YES;
				CLANG_WARN_INT_CONVERSION = YES;
				CLANG_WARN_OBJC_ROOT_CLASS = YES_ERROR;
				CLANG_WARN_SUSPICIOUS_MOVES = YES;
				CLANG_WARN_UNREACHABLE_CODE = YES;
				CLANG_WARN__DUPLICATE_METHOD_MATCH = YES;
				"CODE_SIGN_IDENTITY[sdk=iphoneos*]" = "iPhone Developer";
				COPY_PHASE_STRIP = NO;
				DEBUG_INFORMATION_FORMAT = "dwarf-with-dsym";
				ENABLE_NS_ASSERTIONS = NO;
				ENABLE_STRICT_OBJC_MSGSEND = YES;
				GCC_C_LANGUAGE_STANDARD = gnu99;
				GCC_NO_COMMON_BLOCKS = YES;
				GCC_WARN_64_TO_32_BIT_CONVERSION = YES;
				GCC_WARN_ABOUT_RETURN_TYPE = YES_ERROR;
				GCC_WARN_UNDECLARED_SELECTOR = YES;
				GCC_WARN_UNINITIALIZED_AUTOS = YES_AGGRESSIVE;
				GCC_WARN_UNUSED_FUNCTION = YES;
				GCC_WARN_UNUSED_VARIABLE = YES;
				IPHONEOS_DEPLOYMENT_TARGET = 10.0;
				MTL_ENABLE_DEBUG_INFO = NO;
				SDKROOT = iphoneos;
				SWIFT_OPTIMIZATION_LEVEL = "-Owholemodule";
				VALIDATE_PRODUCT = YES;
			};
			name = Release;
		};
		154FB7E31DE5850D00F823BA /* Debug */ = {
			isa = XCBuildConfiguration;
			buildSettings = {
				ASSETCATALOG_COMPILER_APPICON_NAME = AppIcon;
				DEVELOPMENT_TEAM = M6BZ7CAAX7;
				INFOPLIST_FILE = SplashView/Info.plist;
				LD_RUNPATH_SEARCH_PATHS = "$(inherited) @executable_path/Frameworks";
				PRODUCT_BUNDLE_IDENTIFIER = com.cx.SplashView;
				PRODUCT_NAME = "$(TARGET_NAME)";
				SWIFT_VERSION = 3.0;
			};
			name = Debug;
		};
		154FB7E41DE5850D00F823BA /* Release */ = {
			isa = XCBuildConfiguration;
			buildSettings = {
				ASSETCATALOG_COMPILER_APPICON_NAME = AppIcon;
				DEVELOPMENT_TEAM = M6BZ7CAAX7;
				INFOPLIST_FILE = SplashView/Info.plist;
				LD_RUNPATH_SEARCH_PATHS = "$(inherited) @executable_path/Frameworks";
				PRODUCT_BUNDLE_IDENTIFIER = com.cx.SplashView;
				PRODUCT_NAME = "$(TARGET_NAME)";
				SWIFT_VERSION = 3.0;
			};
			name = Release;
		};
/* End XCBuildConfiguration section */

/* Begin XCConfigurationList section */
		154FB7CB1DE5850D00F823BA /* Build configuration list for PBXProject "SplashView" */ = {
			isa = XCConfigurationList;
			buildConfigurations = (
				154FB7E01DE5850D00F823BA /* Debug */,
				154FB7E11DE5850D00F823BA /* Release */,
			);
			defaultConfigurationIsVisible = 0;
			defaultConfigurationName = Release;
		};
		154FB7E21DE5850D00F823BA /* Build configuration list for PBXNativeTarget "SplashView" */ = {
			isa = XCConfigurationList;
			buildConfigurations = (
				154FB7E31DE5850D00F823BA /* Debug */,
				154FB7E41DE5850D00F823BA /* Release */,
			);
			defaultConfigurationIsVisible = 0;
		};
/* End XCConfigurationList section */
	};
	rootObject = 154FB7C81DE5850D00F823BA /* Project object */;
}
